// !$*UTF8*$!
{
	archiveVersion = 1;
	classes = {
	};
	objectVersion = 77;
	objects = {

/* Begin PBXBuildFile section */
		0472DFF26CE85F3ADE7D8932 /* Store.swift in Sources */ = {isa = PBXBuildFile; fileRef = 0A14825F875D7AF6B7EE715C /* Store.swift */; };
		3B18EC3B9D29DE2C27133D11 /* WorkoutCore in Frameworks */ = {isa = PBXBuildFile; productRef = D690C9E09EB79AAE0C30F1A6 /* WorkoutCore */; };
		626D40FACA01AA7EC4D55970 /* Theme.swift in Sources */ = {isa = PBXBuildFile; fileRef = D6E3DEEE01504BE66D135FE3 /* Theme.swift */; };
		7869DBA45D80277ABDD9DB33 /* SettingsView.swift in Sources */ = {isa = PBXBuildFile; fileRef = 70231C046226474A30263864 /* SettingsView.swift */; };
		860AE2B7365EA8CED5AF8EB8 /* Components.swift in Sources */ = {isa = PBXBuildFile; fileRef = 201A884ED7294E23A8047706 /* Components.swift */; };
		8843E045DF61B97E00EE86E1 /* AMSWorkoutSyncApp.swift in Sources */ = {isa = PBXBuildFile; fileRef = 7D2AA09C75F9CB54FF9E026F /* AMSWorkoutSyncApp.swift */; };
		AE4B787B0C3121743BEC221B /* TodayView.swift in Sources */ = {isa = PBXBuildFile; fileRef = 5419017E5E37523852FF0B4F /* TodayView.swift */; };
		F152713F3C49201271BBD36B /* SessionView.swift in Sources */ = {isa = PBXBuildFile; fileRef = E7A03855A2195F5FD77B7F7C /* SessionView.swift */; };
		F2F2BDCD888BD5FA0D0A875A /* Assets.xcassets in Resources */ = {isa = PBXBuildFile; fileRef = C4D1347269B601D5C3B5B64A /* Assets.xcassets */; };
		F51DD7D362F1882EC8E1AE8E /* PlanTab.swift in Sources */ = {isa = PBXBuildFile; fileRef = A9E0BD55A27CE01BB742FCD6 /* PlanTab.swift */; };
/* End PBXBuildFile section */

/* Begin PBXFileReference section */
		0A14825F875D7AF6B7EE715C /* Store.swift */ = {isa = PBXFileReference; lastKnownFileType = sourcecode.swift; path = Store.swift; sourceTree = "<group>"; };
		201A884ED7294E23A8047706 /* Components.swift */ = {isa = PBXFileReference; lastKnownFileType = sourcecode.swift; path = Components.swift; sourceTree = "<group>"; };
		5419017E5E37523852FF0B4F /* TodayView.swift */ = {isa = PBXFileReference; lastKnownFileType = sourcecode.swift; path = TodayView.swift; sourceTree = "<group>"; };
		70231C046226474A30263864 /* SettingsView.swift */ = {isa = PBXFileReference; lastKnownFileType = sourcecode.swift; path = SettingsView.swift; sourceTree = "<group>"; };
		7D2AA09C75F9CB54FF9E026F /* AMSWorkoutSyncApp.swift */ = {isa = PBXFileReference; lastKnownFileType = sourcecode.swift; path = AMSWorkoutSyncApp.swift; sourceTree = "<group>"; };
		8F6976A1E0C9C11CAB4C4134 /* Core */ = {isa = PBXFileReference; lastKnownFileType = folder; name = Core; path = Core; sourceTree = SOURCE_ROOT; };
		A9E0BD55A27CE01BB742FCD6 /* PlanTab.swift */ = {isa = PBXFileReference; lastKnownFileType = sourcecode.swift; path = PlanTab.swift; sourceTree = "<group>"; };
		ADB40EE4205D1E5B3E2587DE /* AMSWorkoutSync.app */ = {isa = PBXFileReference; includeInIndex = 0; lastKnownFileType = wrapper.application; path = AMSWorkoutSync.app; sourceTree = BUILT_PRODUCTS_DIR; };
		C4D1347269B601D5C3B5B64A /* Assets.xcassets */ = {isa = PBXFileReference; lastKnownFileType = folder.assetcatalog; path = Assets.xcassets; sourceTree = "<group>"; };
		D6E3DEEE01504BE66D135FE3 /* Theme.swift */ = {isa = PBXFileReference; lastKnownFileType = sourcecode.swift; path = Theme.swift; sourceTree = "<group>"; };
		E7A03855A2195F5FD77B7F7C /* SessionView.swift */ = {isa = PBXFileReference; lastKnownFileType = sourcecode.swift; path = SessionView.swift; sourceTree = "<group>"; };
/* End PBXFileReference section */

/* Begin PBXFrameworksBuildPhase section */
		56A6DA01FB15A5ED6C2B3D96 /* Frameworks */ = {
			isa = PBXFrameworksBuildPhase;
			buildActionMask = 2147483647;
			files = (
				3B18EC3B9D29DE2C27133D11 /* WorkoutCore in Frameworks */,
			);
			runOnlyForDeploymentPostprocessing = 0;
		};
/* End PBXFrameworksBuildPhase section */

/* Begin PBXGroup section */
		42167F9205B054F7709DFD18 /* App */ = {
			isa = PBXGroup;
			children = (
				86B7BF70C459D6C1BAB279C6 /* Resources */,
				DDF22BB34B66DB0D37E06E32 /* Sources */,
			);
			path = App;
			sourceTree = "<group>";
		};
		6FDE345219CCF60C1A2958EE = {
			isa = PBXGroup;
			children = (
				42167F9205B054F7709DFD18 /* App */,
				C2AA019AB38185D1211DE4DB /* Packages */,
				BA3E6BB86778EB5325FA327F /* Products */,
			);
			sourceTree = "<group>";
		};
		86B7BF70C459D6C1BAB279C6 /* Resources */ = {
			isa = PBXGroup;
			children = (
				C4D1347269B601D5C3B5B64A /* Assets.xcassets */,
			);
			path = Resources;
			sourceTree = "<group>";
		};
		BA3E6BB86778EB5325FA327F /* Products */ = {
			isa = PBXGroup;
			children = (
				ADB40EE4205D1E5B3E2587DE /* AMSWorkoutSync.app */,
			);
			name = Products;
			sourceTree = "<group>";
		};
		C2AA019AB38185D1211DE4DB /* Packages */ = {
			isa = PBXGroup;
			children = (
				8F6976A1E0C9C11CAB4C4134 /* Core */,
			);
			name = Packages;
			sourceTree = "<group>";
		};
		DDF22BB34B66DB0D37E06E32 /* Sources */ = {
			isa = PBXGroup;
			children = (
				7D2AA09C75F9CB54FF9E026F /* AMSWorkoutSyncApp.swift */,
				201A884ED7294E23A8047706 /* Components.swift */,
				A9E0BD55A27CE01BB742FCD6 /* PlanTab.swift */,
				E7A03855A2195F5FD77B7F7C /* SessionView.swift */,
				70231C046226474A30263864 /* SettingsView.swift */,
				0A14825F875D7AF6B7EE715C /* Store.swift */,
				D6E3DEEE01504BE66D135FE3 /* Theme.swift */,
				5419017E5E37523852FF0B4F /* TodayView.swift */,
			);
			path = Sources;
			sourceTree = "<group>";
		};
/* End PBXGroup section */

/* Begin PBXNativeTarget section */
		2FD1FD98D80E78B5DDF30F0C /* AMSWorkoutSync */ = {
			isa = PBXNativeTarget;
			buildConfigurationList = C33912BB38DFBFC1C2AD7369 /* Build configuration list for PBXNativeTarget "AMSWorkoutSync" */;
			buildPhases = (
				13E03C50D5689F97D6F9E23F /* Sources */,
				281403FF7EEFB7F247314242 /* Resources */,
				56A6DA01FB15A5ED6C2B3D96 /* Frameworks */,
			);
			buildRules = (
			);
			dependencies = (
			);
			name = AMSWorkoutSync;
			packageProductDependencies = (
				D690C9E09EB79AAE0C30F1A6 /* WorkoutCore */,
			);
			productName = AMSWorkoutSync;
			productReference = ADB40EE4205D1E5B3E2587DE /* AMSWorkoutSync.app */;
			productType = "com.apple.product-type.application";
		};
/* End PBXNativeTarget section */

/* Begin PBXProject section */
		AF3B1A6C01ACE1D7D83D9B9B /* Project object */ = {
			isa = PBXProject;
			attributes = {
				BuildIndependentTargetsInParallel = YES;
				LastUpgradeCheck = 1430;
				TargetAttributes = {
					2FD1FD98D80E78B5DDF30F0C = {
						DevelopmentTeam = D24ENP83QQ;
						ProvisioningStyle = Automatic;
					};
				};
			};
			buildConfigurationList = 0B9B8AC51AE80CC9EE523B60 /* Build configuration list for PBXProject "AMSWorkoutSync" */;
			developmentRegion = en;
			hasScannedForEncodings = 0;
			knownRegions = (
				Base,
				en,
			);
			mainGroup = 6FDE345219CCF60C1A2958EE;
			minimizedProjectReferenceProxies = 1;
			packageReferences = (
				534858E5CE0BDE5E0AE81704 /* XCLocalSwiftPackageReference "Core" */,
			);
			preferredProjectObjectVersion = 77;
			productRefGroup = BA3E6BB86778EB5325FA327F /* Products */;
			projectDirPath = "";
			projectRoot = "";
			targets = (
				2FD1FD98D80E78B5DDF30F0C /* AMSWorkoutSync */,
			);
		};
/* End PBXProject section */

/* Begin PBXResourcesBuildPhase section */
		281403FF7EEFB7F247314242 /* Resources */ = {
			isa = PBXResourcesBuildPhase;
			buildActionMask = 2147483647;
			files = (
				F2F2BDCD888BD5FA0D0A875A /* Assets.xcassets in Resources */,
			);
			runOnlyForDeploymentPostprocessing = 0;
		};
/* End PBXResourcesBuildPhase section */

/* Begin PBXSourcesBuildPhase section */
		13E03C50D5689F97D6F9E23F /* Sources */ = {
			isa = PBXSourcesBuildPhase;
			buildActionMask = 2147483647;
			files = (
				8843E045DF61B97E00EE86E1 /* AMSWorkoutSyncApp.swift in Sources */,
				860AE2B7365EA8CED5AF8EB8 /* Components.swift in Sources */,
				F51DD7D362F1882EC8E1AE8E /* PlanTab.swift in Sources */,
				F152713F3C49201271BBD36B /* SessionView.swift in Sources */,
				7869DBA45D80277ABDD9DB33 /* SettingsView.swift in Sources */,
				0472DFF26CE85F3ADE7D8932 /* Store.swift in Sources */,
				626D40FACA01AA7EC4D55970 /* Theme.swift in Sources */,
				AE4B787B0C3121743BEC221B /* TodayView.swift in Sources */,
			);
			runOnlyForDeploymentPostprocessing = 0;
		};
/* End PBXSourcesBuildPhase section */

/* Begin XCBuildConfiguration section */
		4C2A1DAAC32003E2CB3072E5 /* Release */ = {
			isa = XCBuildConfiguration;
			buildSettings = {
				ALWAYS_SEARCH_USER_PATHS = NO;
				CLANG_ANALYZER_NONNULL = YES;
				CLANG_ANALYZER_NUMBER_OBJECT_CONVERSION = YES_AGGRESSIVE;
				CLANG_CXX_LANGUAGE_STANDARD = "gnu++14";
				CLANG_CXX_LIBRARY = "libc++";
				CLANG_ENABLE_MODULES = YES;
				CLANG_ENABLE_OBJC_ARC = YES;
				CLANG_ENABLE_OBJC_WEAK = YES;
				CLANG_WARN_BLOCK_CAPTURE_AUTORELEASING = YES;
				CLANG_WARN_BOOL_CONVERSION = YES;
				CLANG_WARN_COMMA = YES;
				CLANG_WARN_CONSTANT_CONVERSION = YES;
				CLANG_WARN_DEPRECATED_OBJC_IMPLEMENTATIONS = YES;
				CLANG_WARN_DIRECT_OBJC_ISA_USAGE = YES_ERROR;
				CLANG_WARN_DOCUMENTATION_COMMENTS = YES;
				CLANG_WARN_EMPTY_BODY = YES;
				CLANG_WARN_ENUM_CONVERSION = YES;
				CLANG_WARN_INFINITE_RECURSION = YES;
				CLANG_WARN_INT_CONVERSION = YES;
				CLANG_WARN_NON_LITERAL_NULL_CONVERSION = YES;
				CLANG_WARN_OBJC_IMPLICIT_RETAIN_SELF = YES;
				CLANG_WARN_OBJC_LITERAL_CONVERSION = YES;
				CLANG_WARN_OBJC_ROOT_CLASS = YES_ERROR;
				CLANG_WARN_QUOTED_INCLUDE_IN_FRAMEWORK_HEADER = YES;
				CLANG_WARN_RANGE_LOOP_ANALYSIS = YES;
				CLANG_WARN_STRICT_PROTOTYPES = YES;
				CLANG_WARN_SUSPICIOUS_MOVE = YES;
				CLANG_WARN_UNGUARDED_AVAILABILITY = YES_AGGRESSIVE;
				CLANG_WARN_UNREACHABLE_CODE = YES;
				CLANG_WARN__DUPLICATE_METHOD_MATCH = YES;
				CODE_SIGN_STYLE = Automatic;
				COPY_PHASE_STRIP = NO;
				CURRENT_PROJECT_VERSION = 1;
				DEBUG_INFORMATION_FORMAT = "dwarf-with-dsym";
				DEVELOPMENT_TEAM = D24ENP83QQ;
				ENABLE_NS_ASSERTIONS = NO;
				ENABLE_STRICT_OBJC_MSGSEND = YES;
				GCC_C_LANGUAGE_STANDARD = gnu11;
				GCC_NO_COMMON_BLOCKS = YES;
				GCC_WARN_64_TO_32_BIT_CONVERSION = YES;
				GCC_WARN_ABOUT_RETURN_TYPE = YES_ERROR;
				GCC_WARN_UNDECLARED_SELECTOR = YES;
				GCC_WARN_UNINITIALIZED_AUTOS = YES_AGGRESSIVE;
				GCC_WARN_UNUSED_FUNCTION = YES;
				GCC_WARN_UNUSED_VARIABLE = YES;
				IPHONEOS_DEPLOYMENT_TARGET = 17.0;
				MARKETING_VERSION = 0.1;
				MTL_ENABLE_DEBUG_INFO = NO;
				MTL_FAST_MATH = YES;
				PRODUCT_NAME = "$(TARGET_NAME)";
				SDKROOT = iphoneos;
				SWIFT_COMPILATION_MODE = wholemodule;
				SWIFT_OPTIMIZATION_LEVEL = "-O";
				SWIFT_VERSION = 5.0;
			};
			name = Release;
		};
		B41A912B2EA222213F55D8B6 /* Debug */ = {
			isa = XCBuildConfiguration;
			buildSettings = {
				ALWAYS_SEARCH_USER_PATHS = NO;
				CLANG_ANALYZER_NONNULL = YES;
				CLANG_ANALYZER_NUMBER_OBJECT_CONVERSION = YES_AGGRESSIVE;
				CLANG_CXX_LANGUAGE_STANDARD = "gnu++14";
				CLANG_CXX_LIBRARY = "libc++";
				CLANG_ENABLE_MODULES = YES;
				CLANG_ENABLE_OBJC_ARC = YES;
				CLANG_ENABLE_OBJC_WEAK = YES;
				CLANG_WARN_BLOCK_CAPTURE_AUTORELEASING = YES;
				CLANG_WARN_BOOL_CONVERSION = YES;
				CLANG_WARN_COMMA = YES;
				CLANG_WARN_CONSTANT_CONVERSION = YES;
				CLANG_WARN_DEPRECATED_OBJC_IMPLEMENTATIONS = YES;
				CLANG_WARN_DIRECT_OBJC_ISA_USAGE = YES_ERROR;
				CLANG_WARN_DOCUMENTATION_COMMENTS = YES;
				CLANG_WARN_EMPTY_BODY = YES;
				CLANG_WARN_ENUM_CONVERSION = YES;
				CLANG_WARN_INFINITE_RECURSION = YES;
				CLANG_WARN_INT_CONVERSION = YES;
				CLANG_WARN_NON_LITERAL_NULL_CONVERSION = YES;
				CLANG_WARN_OBJC_IMPLICIT_RETAIN_SELF = YES;
				CLANG_WARN_OBJC_LITERAL_CONVERSION = YES;
				CLANG_WARN_OBJC_ROOT_CLASS = YES_ERROR;
				CLANG_WARN_QUOTED_INCLUDE_IN_FRAMEWORK_HEADER = YES;
				CLANG_WARN_RANGE_LOOP_ANALYSIS = YES;
				CLANG_WARN_STRICT_PROTOTYPES = YES;
				CLANG_WARN_SUSPICIOUS_MOVE = YES;
				CLANG_WARN_UNGUARDED_AVAILABILITY = YES_AGGRESSIVE;
				CLANG_WARN_UNREACHABLE_CODE = YES;
				CLANG_WARN__DUPLICATE_METHOD_MATCH = YES;
				CODE_SIGN_STYLE = Automatic;
				COPY_PHASE_STRIP = NO;
				CURRENT_PROJECT_VERSION = 1;
				DEBUG_INFORMATION_FORMAT = dwarf;
				DEVELOPMENT_TEAM = D24ENP83QQ;
				ENABLE_STRICT_OBJC_MSGSEND = YES;
				ENABLE_TESTABILITY = YES;
				GCC_C_LANGUAGE_STANDARD = gnu11;
				GCC_DYNAMIC_NO_PIC = NO;
				GCC_NO_COMMON_BLOCKS = YES;
				GCC_OPTIMIZATION_LEVEL = 0;
				GCC_PREPROCESSOR_DEFINITIONS = (
					"$(inherited)",
					"DEBUG=1",
				);
				GCC_WARN_64_TO_32_BIT_CONVERSION = YES;
				GCC_WARN_ABOUT_RETURN_TYPE = YES_ERROR;
				GCC_WARN_UNDECLARED_SELECTOR = YES;
				GCC_WARN_UNINITIALIZED_AUTOS = YES_AGGRESSIVE;
				GCC_WARN_UNUSED_FUNCTION = YES;
				GCC_WARN_UNUSED_VARIABLE = YES;
				IPHONEOS_DEPLOYMENT_TARGET = 17.0;
				MARKETING_VERSION = 0.1;
				MTL_ENABLE_DEBUG_INFO = INCLUDE_SOURCE;
				MTL_FAST_MATH = YES;
				ONLY_ACTIVE_ARCH = YES;
				PRODUCT_NAME = "$(TARGET_NAME)";
				SDKROOT = iphoneos;
				SWIFT_ACTIVE_COMPILATION_CONDITIONS = DEBUG;
				SWIFT_OPTIMIZATION_LEVEL = "-Onone";
				SWIFT_VERSION = 5.0;
			};
			name = Debug;
		};
		BE17639064634AAD965145AD /* Debug */ = {
			isa = XCBuildConfiguration;
			buildSettings = {
				ASSETCATALOG_COMPILER_APPICON_NAME = AppIcon;
				CODE_SIGN_IDENTITY = "iPhone Developer";
				GENERATE_INFOPLIST_FILE = NO;
				INFOPLIST_FILE = App/Config/Info.plist;
				LD_RUNPATH_SEARCH_PATHS = (
					"$(inherited)",
					"@executable_path/Frameworks",
				);
				PRODUCT_BUNDLE_IDENTIFIER = com.schabbauer.AMSWorkoutSync;
				SDKROOT = iphoneos;
				TARGETED_DEVICE_FAMILY = 1;
			};
			name = Debug;
		};
		E5DFC6B2C5E576513579067E /* Release */ = {
			isa = XCBuildConfiguration;
			buildSettings = {
				ASSETCATALOG_COMPILER_APPICON_NAME = AppIcon;
				CODE_SIGN_IDENTITY = "iPhone Developer";
				GENERATE_INFOPLIST_FILE = NO;
				INFOPLIST_FILE = App/Config/Info.plist;
				LD_RUNPATH_SEARCH_PATHS = (
					"$(inherited)",
					"@executable_path/Frameworks",
				);
				PRODUCT_BUNDLE_IDENTIFIER = com.schabbauer.AMSWorkoutSync;
				SDKROOT = iphoneos;
				TARGETED_DEVICE_FAMILY = 1;
			};
			name = Release;
		};
/* End XCBuildConfiguration section */

/* Begin XCConfigurationList section */
		0B9B8AC51AE80CC9EE523B60 /* Build configuration list for PBXProject "AMSWorkoutSync" */ = {
			isa = XCConfigurationList;
			buildConfigurations = (
				B41A912B2EA222213F55D8B6 /* Debug */,
				4C2A1DAAC32003E2CB3072E5 /* Release */,
			);
			defaultConfigurationIsVisible = 0;
			defaultConfigurationName = Debug;
		};
		C33912BB38DFBFC1C2AD7369 /* Build configuration list for PBXNativeTarget "AMSWorkoutSync" */ = {
			isa = XCConfigurationList;
			buildConfigurations = (
				BE17639064634AAD965145AD /* Debug */,
				E5DFC6B2C5E576513579067E /* Release */,
			);
			defaultConfigurationIsVisible = 0;
			defaultConfigurationName = Debug;
		};
/* End XCConfigurationList section */

/* Begin XCLocalSwiftPackageReference section */
		534858E5CE0BDE5E0AE81704 /* XCLocalSwiftPackageReference "Core" */ = {
			isa = XCLocalSwiftPackageReference;
			relativePath = Core;
		};
/* End XCLocalSwiftPackageReference section */

/* Begin XCSwiftPackageProductDependency section */
		D690C9E09EB79AAE0C30F1A6 /* WorkoutCore */ = {
			isa = XCSwiftPackageProductDependency;
			productName = WorkoutCore;
		};
/* End XCSwiftPackageProductDependency section */
	};
	rootObject = AF3B1A6C01ACE1D7D83D9B9B /* Project object */;
}
